
Microsoft Visual Studio Solution File, Format Version 12.00
# Visual Studio 14
VisualStudioVersion = 14.0.23107.0
MinimumVisualStudioVersion = 10.0.40219.1
Project("{8BC9CEB8-8B4A-11D0-8D11-00A0C91BC942}") = "50", "50\50.vcxproj", "{53EAFDDC-B443-4501-BEA1-4BB4561A3EFD}"
EndProject
Global
	GlobalSection(SolutionConfigurationPlatforms) = preSolution
		Debug|x64 = Debug|x64
		Debug|x86 = Debug|x86
		Release|x64 = Release|x64
		Release|x86 = Release|x86
	EndGlobalSection
	GlobalSection(ProjectConfigurationPlatforms) = postSolution
		{53EAFDDC-B443-4501-BEA1-4BB4561A3EFD}.Debug|x64.ActiveCfg = Debug|x64
		{53EAFDDC-B443-4501-BEA1-4BB4561A3EFD}.Debug|x64.Build.0 = Debug|x64
		{53EAFDDC-B443-4501-BEA1-4BB4561A3EFD}.Debug|x86.ActiveCfg = Debug|Win32
		{53EAFDDC-B443-4501-BEA1-4BB4561A3EFD}.Debug|x86.Build.0 = Debug|Win32
		{53EAFDDC-B443-4501-BEA1-4BB4561A3EFD}.Release|x64.ActiveCfg = Release|x64
		{53EAFDDC-B443-4501-BEA1-4BB4561A3EFD}.Release|x64.Build.0 = Release|x64
		{53EAFDDC-B443-4501-BEA1-4BB4561A3EFD}.Release|x86.ActiveCfg = Release|Win32
		{53EAFDDC-B443-4501-BEA1-4BB4561A3EFD}.Release|x86.Build.0 = Release|Win32
	EndGlobalSection
	GlobalSection(SolutionProperties) = preSolution
		HideSolutionNode = FALSE
	EndGlobalSection
EndGlobal
